
Microsoft Visual Studio Solution File, Format Version 12.00
# Visual Studio Version 16
VisualStudioVersion = 16.0.31019.35
MinimumVisualStudioVersion = 10.0.40219.1
Project("{FAE04EC0-301F-11D3-BF4B-00C04F79EFBC}") = "FF.Domain", "FF.Domain\FF.Domain.csproj", "{10891A7D-37DA-46EF-A836-89377E76DDFD}"
EndProject
Project("{FAE04EC0-301F-11D3-BF4B-00C04F79EFBC}") = "FF.Data", "FF.Data\FF.Data.csproj", "{FCF41176-6481-4A9C-B508-3DB9E5969D6C}"
EndProject
Global
	GlobalSection(SolutionConfigurationPlatforms) = preSolution
		Debug|Any CPU = Debug|Any CPU
		Release|Any CPU = Release|Any CPU
	EndGlobalSection
	GlobalSection(ProjectConfigurationPlatforms) = postSolution
		{10891A7D-37DA-46EF-A836-89377E76DDFD}.Debug|Any CPU.ActiveCfg = Debug|Any CPU
		{10891A7D-37DA-46EF-A836-89377E76DDFD}.Debug|Any CPU.Build.0 = Debug|Any CPU
		{10891A7D-37DA-46EF-A836-89377E76DDFD}.Release|Any CPU.ActiveCfg = Release|Any CPU
		{10891A7D-37DA-46EF-A836-89377E76DDFD}.Release|Any CPU.Build.0 = Release|Any CPU
		{FCF41176-6481-4A9C-B508-3DB9E5969D6C}.Debug|Any CPU.ActiveCfg = Debug|Any CPU
		{FCF41176-6481-4A9C-B508-3DB9E5969D6C}.Debug|Any CPU.Build.0 = Debug|Any CPU
		{FCF41176-6481-4A9C-B508-3DB9E5969D6C}.Release|Any CPU.ActiveCfg = Release|Any CPU
		{FCF41176-6481-4A9C-B508-3DB9E5969D6C}.Release|Any CPU.Build.0 = Release|Any CPU
	EndGlobalSection
	GlobalSection(SolutionProperties) = preSolution
		HideSolutionNode = FALSE
	EndGlobalSection
	GlobalSection(ExtensibilityGlobals) = postSolution
		SolutionGuid = {8990370F-9C1C-45F7-B8BB-133449721BF8}
	EndGlobalSection
EndGlobal
